<?xml version="1.0" encoding="utf-8"?>
<Project ToolsVersion="4.0" xmlns="http://schemas.microsoft.com/developer/msbuild/2003">
  <ItemGroup>
    <Filter Include="Source Files">
      <UniqueIdentifier>{4FC737F1-C7A5-4376-A066-2A32D752A2FF}</UniqueIdentifier>
      <Extensions>cpp;c;cc;cxx;def;odl;idl;hpj;bat;asm;asmx</Extensions>
    </Filter>
    <Filter Include="Header Files">
      <UniqueIdentifier>{93995380-89BD-4b04-88EB-625FBE52EBFB}</UniqueIdentifier>
      <Extensions>h;hh;hpp;hxx;hm;inl;inc;ipp;xsd</Extensions>
    </Filter>
    <Filter Include="Resource Files">
      <UniqueIdentifier>{67DA6AB6-F800-4c08-8B7A-83BB121AAD01}</UniqueIdentifier>
      <Extensions>rc;ico;cur;bmp;dlg;rc2;rct;bin;rgs;gif;jpg;jpeg;jpe;resx;tiff;tif;png;wav;mfcribbon-ms</Extensions>
    </Filter>
    <Filter Include="Common">
      <UniqueIdentifier>{c7dcf06e-3792-45c8-b4b7-d0beb8f691c7}</UniqueIdentifier>
    </Filter>
    <Filter Include="Common\Source Files">
      <UniqueIdentifier>{4be7925a-b683-465a-a53f-42df43b1e44b}</UniqueIdentifier>
    </Filter>
    <Filter Include="Common\Header Files">
      <UniqueIdentifier>{f1836231-d177-4e3f-b087-6de0175144e8}</UniqueIdentifier>
    </Filter>
    <Filter Include="Shaders">
      <UniqueIdentifier>{08d07ad3-d2bf-4b6d-98f9-a02af3447f31}</UniqueIdentifier>
    </Filter>
    <Filter Include="Shaders\PerPixel">
      <UniqueIdentifier>{8bee3b67-d692-4674-be9d-9f52ccbba516}</UniqueIdentifier>
    </Filter>
    <Filter Include="Shaders\PerVertex">
      <UniqueIdentifier>{b712efa5-a077-4d7a-a23b-100ecb43b5a3}</UniqueIdentifier>
    </Filter>
    <Filter Include="Shaders\PerTessVertex">
      <UniqueIdentifier>{6ceb4256-d3f4-4bdc-9b93-a22a7ccc7858}</UniqueIdentifier>
    </Filter>
  </ItemGroup>
  <ItemGroup>
    <ClCompile Include="Main.cpp">
      <Filter>Source Files</Filter>
    </ClCompile>
    <ClCompile Include="stdafx.cpp">
      <Filter>Source Files</Filter>
    </ClCompile>
    <ClCompile Include="Common\DXFramework.cpp">
      <Filter>Common\Source Files</Filter>
    </ClCompile>
    <ClCompile Include="Common\Win32Application.cpp">
      <Filter>Common\Source Files</Filter>
    </ClCompile>
    <ClCompile Include="RT-Granularity.cpp">
      <Filter>Source Files</Filter>
    </ClCompile>
    <ClCompile Include="Content\PRayTracer.cpp">
      <Filter>Source Files</Filter>
    </ClCompile>
    <ClCompile Include="Common\XUSGObjLoader.cpp">
      <Filter>Common\Source Files</Filter>
    </ClCompile>
    <ClCompile Include="Content\TVRayTracer.cpp">
      <Filter>Source Files</Filter>
    </ClCompile>
    <ClCompile Include="Content\VRayTracer.cpp">
      <Filter>Source Files</Filter>
    </ClCompile>
  </ItemGroup>
  <ItemGroup>
    <ClInclude Include="stdafx.h">
      <Filter>Header Files</Filter>
    </ClInclude>
    <ClInclude Include="Common\d3dx12.h">
      <Filter>Common\Header Files</Filter>
    </ClInclude>
    <ClInclude Include="Common\DXFramework.h">
      <Filter>Common\Header Files</Filter>
    </ClInclude>
    <ClInclude Include="Common\DXFrameworkHelper.h">
      <Filter>Common\Header Files</Filter>
    </ClInclude>
    <ClInclude Include="Common\Win32Application.h">
      <Filter>Common\Header Files</Filter>
    </ClInclude>
    <ClInclude Include="Common\StepTimer.h">
      <Filter>Common\Header Files</Filter>
    </ClInclude>
    <ClInclude Include="RT-Granularity.h">
      <Filter>Header Files</Filter>
    </ClInclude>
    <ClInclude Include="Content\PRayTracer.h">
      <Filter>Header Files</Filter>
    </ClInclude>
    <ClInclude Include="Common\D3D12RaytracingFallback.h">
      <Filter>Common\Header Files</Filter>
    </ClInclude>
    <ClInclude Include="Common\D3D12RaytracingHelpers.hpp">
      <Filter>Common\Header Files</Filter>
    </ClInclude>
    <ClInclude Include="Common\d3d12.h">
      <Filter>Common\Header Files</Filter>
    </ClInclude>
    <ClInclude Include="Common\XUSGObjLoader.h">
      <Filter>Common\Header Files</Filter>
    </ClInclude>
    <ClInclude Include="Content\TVRayTracer.h">
      <Filter>Header Files</Filter>
    </ClInclude>
    <ClInclude Include="Content\VRayTracer.h">
      <Filter>Header Files</Filter>
    </ClInclude>
    <ClInclude Include="Content\RayTracerSelection.h">
      <Filter>Header Files</Filter>
    </ClInclude>
  </ItemGroup>
  <ItemGroup>
    <FxCompile Include="Content\Shaders\VSScreenQuad.hlsl">
      <Filter>Shaders</Filter>
    </FxCompile>
    <FxCompile Include="Content\Shaders\PSToneMap.hlsl">
      <Filter>Shaders</Filter>
    </FxCompile>
    <FxCompile Include="Content\Shaders\PSEnv.hlsl">
      <Filter>Shaders</Filter>
    </FxCompile>
    <FxCompile Include="Content\Shaders\VSDepth.hlsl">
      <Filter>Shaders</Filter>
    </FxCompile>
    <FxCompile Include="Content\Shaders\VSIdent.hlsl">
      <Filter>Shaders</Filter>
    </FxCompile>
    <FxCompile Include="Content\Shaders\VPixelShader.hlsl">
      <Filter>Shaders\PerVertex</Filter>
    </FxCompile>
    <FxCompile Include="Content\Shaders\VVertexShader.hlsl">
      <Filter>Shaders\PerVertex</Filter>
    </FxCompile>
    <FxCompile Include="Content\Shaders\TVDSTess.hlsl">
      <Filter>Shaders\PerTessVertex</Filter>
    </FxCompile>
    <FxCompile Include="Content\Shaders\TVDSDepth.hlsl">
      <Filter>Shaders\PerTessVertex</Filter>
    </FxCompile>
    <FxCompile Include="Content\Shaders\TVDSGraphics.hlsl">
      <Filter>Shaders\PerTessVertex</Filter>
    </FxCompile>
    <FxCompile Include="Content\Shaders\TVHullShader.hlsl">
      <Filter>Shaders\PerTessVertex</Filter>
    </FxCompile>
    <FxCompile Include="Content\Shaders\TVPixelShader.hlsl">
      <Filter>Shaders\PerTessVertex</Filter>
    </FxCompile>
  </ItemGroup>
  <ItemGroup>
    <None Include="packages.config" />
    <None Include="Content\Shaders\Material.hlsli">
      <Filter>Shaders</Filter>
    </None>
    <None Include="Content\Shaders\RTCommon.hlsli">
      <Filter>Shaders</Filter>
    </None>
    <None Include="Content\Shaders\TessCommon.hlsli">
      <Filter>Shaders\PerTessVertex</Filter>
    </None>
  </ItemGroup>
  <ItemGroup>
    <CustomBuild Include="Content\Shaders\PRayTracing.hlsl">
      <Filter>Shaders\PerPixel</Filter>
    </CustomBuild>
    <CustomBuild Include="Content\Shaders\VRayTracing.hlsl">
      <Filter>Shaders\PerVertex</Filter>
    </CustomBuild>
    <CustomBuild Include="Content\Shaders\TVRayTracing.hlsl">
      <Filter>Shaders\PerTessVertex</Filter>
    </CustomBuild>
  </ItemGroup>
</Project>